{
  "lockfile_version": "1",
  "packages": {
    "git@latest": {
      "last_modified": "2025-03-27T11:50:31Z",
      "resolved": "github:NixOS/nixpkgs/6c5963357f3c1c840201eda129a99d455074db04#git",
      "source": "devbox-search",
      "version": "2.48.1",
      "systems": {
        "aarch64-darwin": {
          "outputs": [
            {
              "name": "out",
              "path": "/nix/store/b3sci30zzzlj3rzj1y89cijnd6zcwapk-git-2.48.1",
              "default": true
            },
            {
              "name": "doc",
              "path": "/nix/store/086knqdw7fjgzczp0i6nad95s2v6jbya-git-2.48.1-doc"
            }
          ],
          "store_path": "/nix/store/b3sci30zzzlj3rzj1y89cijnd6zcwapk-git-2.48.1"
        },
        "aarch64-linux": {
          "outputs": [
            {
              "name": "out",
              "path": "/nix/store/pck1dr5jxrd5b8nmfasbn13z422jhcfm-git-2.48.1",
              "default": true
            },
            {
              "name": "debug",
              "path": "/nix/store/xqqsvzlilh843rm6knykyng81apapr33-git-2.48.1-debug"
            },
            {
              "name": "doc",
              "path": "/nix/store/485b32ys0s2dvjfisn7405ildmpqvfzk-git-2.48.1-doc"
            }
          ],
          "store_path": "/nix/store/pck1dr5jxrd5b8nmfasbn13z422jhcfm-git-2.48.1"
        },
        "x86_64-darwin": {
          "outputs": [
            {
              "name": "out",
              "path": "/nix/store/9qjzgsf9mvdp6sfd7xyzhgrahl2qhhp6-git-2.48.1",
              "default": true
            },
            {
              "name": "doc",
              "path": "/nix/store/cgv7qa0ix059ma9a0qac0bywfvl3k7k2-git-2.48.1-doc"
            }
          ],
          "store_path": "/nix/store/9qjzgsf9mvdp6sfd7xyzhgrahl2qhhp6-git-2.48.1"
        },
        "x86_64-linux": {
          "outputs": [
            {
              "name": "out",
              "path": "/nix/store/lqx2rv26sdndpa2vyy2vxsahj03km69z-git-2.48.1",
              "default": true
            },
            {
              "name": "doc",
              "path": "/nix/store/hjczhs1dm3hzij7mx5c91rkzqvkb89av-git-2.48.1-doc"
            },
            {
              "name": "debug",
              "path": "/nix/store/bk8xndavdnc2qgyvc6hcc8h29lk9jzqb-git-2.48.1-debug"
            }
          ],
          "store_path": "/nix/store/lqx2rv26sdndpa2vyy2vxsahj03km69z-git-2.48.1"
        }
      }
    },
    "github:NixOS/nixpkgs/nixpkgs-unstable": {
      "resolved": "github:NixOS/nixpkgs/2349f9de17183971db12ae9e0123dab132023bd7?lastModified=1744442362&narHash=sha256-i47t4DRIZgwBZw2Osbrp1OJhhO1k%2Fn%2BQzRx%2BTrmfE9Y%3D"
    },
    "go@1.24": {
      "last_modified": "2025-03-11T17:52:14Z",
      "resolved": "github:NixOS/nixpkgs/0d534853a55b5d02a4ababa1d71921ce8f0aee4c#go",
      "source": "devbox-search",
      "version": "1.24.1",
      "systems": {
        "aarch64-darwin": {
          "outputs": [
            {
              "name": "out",
              "path": "/nix/store/ja4jxx60lh1qfqfl4z4p2rff56ia1c3c-go-1.24.1",
              "default": true
            }
          ],
          "store_path": "/nix/store/ja4jxx60lh1qfqfl4z4p2rff56ia1c3c-go-1.24.1"
        },
        "aarch64-linux": {
          "outputs": [
            {
              "name": "out",
              "path": "/nix/store/8ply43gnxk1xwichr81mpgbjcd9a1y5w-go-1.24.1",
              "default": true
            }
          ],
          "store_path": "/nix/store/8ply43gnxk1xwichr81mpgbjcd9a1y5w-go-1.24.1"
        },
        "x86_64-darwin": {
          "outputs": [
            {
              "name": "out",
              "path": "/nix/store/87yxrfx5lh78bdz393i33cr5z23x06q4-go-1.24.1",
              "default": true
            }
          ],
          "store_path": "/nix/store/87yxrfx5lh78bdz393i33cr5z23x06q4-go-1.24.1"
        },
        "x86_64-linux": {
          "outputs": [
            {
              "name": "out",
              "path": "/nix/store/cfjhl0kn7xc65466pha9fkrvigw3g72n-go-1.24.1",
              "default": true
            }
          ],
          "store_path": "/nix/store/cfjhl0kn7xc65466pha9fkrvigw3g72n-go-1.24.1"
        }
      }
    },
    "gomarkdoc@1.1.0": {
      "last_modified": "2025-03-25T17:32:05Z",
      "resolved": "github:NixOS/nixpkgs/25d1b84f5c90632a623c48d83a2faf156451e6b1#gomarkdoc",
      "source": "devbox-search",
      "version": "1.1.0",
      "systems": {
        "aarch64-darwin": {
          "outputs": [
            {
              "name": "out",
              "path": "/nix/store/sr3y8jn7vdgn1b457xcj8smq0hwsfzkj-gomarkdoc-1.1.0",
              "default": true
            }
          ],
          "store_path": "/nix/store/sr3y8jn7vdgn1b457xcj8smq0hwsfzkj-gomarkdoc-1.1.0"
        },
        "aarch64-linux": {
          "outputs": [
            {
              "name": "out",
              "path": "/nix/store/063qqh8xsdrfizjrs29hsi1451wbz2wx-gomarkdoc-1.1.0",
              "default": true
            }
          ],
          "store_path": "/nix/store/063qqh8xsdrfizjrs29hsi1451wbz2wx-gomarkdoc-1.1.0"
        },
        "x86_64-darwin": {
          "outputs": [
            {
              "name": "out",
              "path": "/nix/store/6j4d098ljlk8i2ngxxn3hdc39lmnk6xv-gomarkdoc-1.1.0",
              "default": true
            }
          ],
          "store_path": "/nix/store/6j4d098ljlk8i2ngxxn3hdc39lmnk6xv-gomarkdoc-1.1.0"
        },
        "x86_64-linux": {
          "outputs": [
            {
              "name": "out",
              "path": "/nix/store/mbl8355f0ynlqfsbkj7g9z39c3fp7aw4-gomarkdoc-1.1.0",
              "default": true
            }
          ],
          "store_path": "/nix/store/mbl8355f0ynlqfsbkj7g9z39c3fp7aw4-gomarkdoc-1.1.0"
        }
      }
    },
    "just@latest": {
      "last_modified": "2025-03-20T07:39:01Z",
      "resolved": "github:NixOS/nixpkgs/7344a3b78128f7b1765dba89060b015fb75431a7#just",
      "source": "devbox-search",
      "version": "1.40.0",
      "systems": {
        "aarch64-darwin": {
          "outputs": [
            {
              "name": "out",
              "path": "/nix/store/7s6jjr9yh3pjzzmfq9szl5byvd0zcm4r-just-1.40.0",
              "default": true
            },
            {
              "name": "man",
              "path": "/nix/store/kqxgdyrnd7h9vhsdyi04665i7c9c6h9q-just-1.40.0-man",
              "default": true
            },
            {
              "name": "doc",
              "path": "/nix/store/01x2fzbbv7gs152fk0qdpl67mk2caqnz-just-1.40.0-doc"
            }
          ],
          "store_path": "/nix/store/7s6jjr9yh3pjzzmfq9szl5byvd0zcm4r-just-1.40.0"
        },
        "aarch64-linux": {
          "outputs": [
            {
              "name": "out",
              "path": "/nix/store/i0zav6qnkikj0v440n9d8vn70ch3afan-just-1.40.0",
              "default": true
            },
            {
              "name": "man",
              "path": "/nix/store/ccia6l0vqg48mp4jwxchy88ildg6lp3a-just-1.40.0-man",
              "default": true
            },
            {
              "name": "doc",
              "path": "/nix/store/zfkkmq04b9km9px6ph5myxdandp0iy7l-just-1.40.0-doc"
            }
          ],
          "store_path": "/nix/store/i0zav6qnkikj0v440n9d8vn70ch3afan-just-1.40.0"
        },
        "x86_64-darwin": {
          "outputs": [
            {
              "name": "out",
              "path": "/nix/store/fl4nsvgy3si1396cxs4w1i21b2sshs4c-just-1.40.0",
              "default": true
            },
            {
              "name": "man",
              "path": "/nix/store/6wdy1cj4zq5fwbngdx8lyzyi65861242-just-1.40.0-man",
              "default": true
            },
            {
              "name": "doc",
              "path": "/nix/store/szwyj66avppjb9nq3k612shklrqzymis-just-1.40.0-doc"
            }
          ],
          "store_path": "/nix/store/fl4nsvgy3si1396cxs4w1i21b2sshs4c-just-1.40.0"
        },
        "x86_64-linux": {
          "outputs": [
            {
              "name": "out",
              "path": "/nix/store/61yk0f16bysq9pzm3dgyanbnxx4vylm7-just-1.40.0",
              "default": true
            },
            {
              "name": "man",
              "path": "/nix/store/8vyfrw5lc62bfk48pszj5d8c6f67cv5r-just-1.40.0-man",
              "default": true
            },
            {
              "name": "doc",
              "path": "/nix/store/lrissa28adlb43a2qcq379b7qsdfcdmr-just-1.40.0-doc"
            }
          ],
          "store_path": "/nix/store/61yk0f16bysq9pzm3dgyanbnxx4vylm7-just-1.40.0"
        }
      }
    }
  }
}
